// !$*UTF8*$!
{
	archiveVersion = 1;
	classes = {
	};
	objectVersion = 48;
	objects = {

/* Begin PBXBuildFile section */
		79A9CDD7B9248A49543FFA63 /* libPods-project4.a in Frameworks */ = {isa = PBXBuildFile; fileRef = 3C0AD50F038352C7D1DCEA3E /* libPods-project4.a */; };
		A5643AA792806C87A268995F /* libPods-project4Tests.a in Frameworks */ = {isa = PBXBuildFile; fileRef = 29BD0B698CF805E095316B21 /* libPods-project4Tests.a */; };
		EC46F6AFA52F3F66EFB1A134 /* libPods-project4UITests.a in Frameworks */ = {isa = PBXBuildFile; fileRef = F6465BFE35C0BC2D5BD20892 /* libPods-project4UITests.a */; };
		F11C45911F9D0826002DD573 /* AppDelegate.m in Sources */ = {isa = PBXBuildFile; fileRef = F11C45901F9D0826002DD573 /* AppDelegate.m */; };
		F11C45941F9D0826002DD573 /* ViewController.m in Sources */ = {isa = PBXBuildFile; fileRef = F11C45931F9D0826002DD573 /* ViewController.m */; };
		F11C45971F9D0826002DD573 /* Main.storyboard in Resources */ = {isa = PBXBuildFile; fileRef = F11C45951F9D0826002DD573 /* Main.storyboard */; };
		F11C45991F9D0826002DD573 /* Assets.xcassets in Resources */ = {isa = PBXBuildFile; fileRef = F11C45981F9D0826002DD573 /* Assets.xcassets */; };
		F11C459C1F9D0826002DD573 /* LaunchScreen.storyboard in Resources */ = {isa = PBXBuildFile; fileRef = F11C459A1F9D0826002DD573 /* LaunchScreen.storyboard */; };
		F11C459F1F9D0826002DD573 /* main.m in Sources */ = {isa = PBXBuildFile; fileRef = F11C459E1F9D0826002DD573 /* main.m */; };
		F11C45A91F9D0826002DD573 /* project4Tests.m in Sources */ = {isa = PBXBuildFile; fileRef = F11C45A81F9D0826002DD573 /* project4Tests.m */; };
		F11C45B41F9D0826002DD573 /* project4UITests.m in Sources */ = {isa = PBXBuildFile; fileRef = F11C45B31F9D0826002DD573 /* project4UITests.m */; };
/* End PBXBuildFile section */

/* Begin PBXContainerItemProxy section */
		F11C45A51F9D0826002DD573 /* PBXContainerItemProxy */ = {
			isa = PBXContainerItemProxy;
			containerPortal = F11C45841F9D0825002DD573 /* Project object */;
			proxyType = 1;
			remoteGlobalIDString = F11C458B1F9D0826002DD573;
			remoteInfo = project4;
		};
		F11C45B01F9D0826002DD573 /* PBXContainerItemProxy */ = {
			isa = PBXContainerItemProxy;
			containerPortal = F11C45841F9D0825002DD573 /* Project object */;
			proxyType = 1;
			remoteGlobalIDString = F11C458B1F9D0826002DD573;
			remoteInfo = project4;
		};
/* End PBXContainerItemProxy section */

/* Begin PBXFileReference section */
		0CE61E9FE81FDA9F6375044E /* Pods-project4Tests.release.xcconfig */ = {isa = PBXFileReference; includeInIndex = 1; lastKnownFileType = text.xcconfig; name = "Pods-project4Tests.release.xcconfig"; path = "Pods/Target Support Files/Pods-project4Tests/Pods-project4Tests.release.xcconfig"; sourceTree = "<group>"; };
		1604823FA2264097EA1204C7 /* Pods-project4.debug.xcconfig */ = {isa = PBXFileReference; includeInIndex = 1; lastKnownFileType = text.xcconfig; name = "Pods-project4.debug.xcconfig"; path = "Pods/Target Support Files/Pods-project4/Pods-project4.debug.xcconfig"; sourceTree = "<group>"; };
		29BD0B698CF805E095316B21 /* libPods-project4Tests.a */ = {isa = PBXFileReference; explicitFileType = archive.ar; includeInIndex = 0; path = "libPods-project4Tests.a"; sourceTree = BUILT_PRODUCTS_DIR; };
		3C0AD50F038352C7D1DCEA3E /* libPods-project4.a */ = {isa = PBXFileReference; explicitFileType = archive.ar; includeInIndex = 0; path = "libPods-project4.a"; sourceTree = BUILT_PRODUCTS_DIR; };
		66EAEAE99F14FE1C861374EA /* Pods-project4.release.xcconfig */ = {isa = PBXFileReference; includeInIndex = 1; lastKnownFileType = text.xcconfig; name = "Pods-project4.release.xcconfig"; path = "Pods/Target Support Files/Pods-project4/Pods-project4.release.xcconfig"; sourceTree = "<group>"; };
		B68AE2F39F9BFAC3E83DBE15 /* Pods-project4UITests.release.xcconfig */ = {isa = PBXFileReference; includeInIndex = 1; lastKnownFileType = text.xcconfig; name = "Pods-project4UITests.release.xcconfig"; path = "Pods/Target Support Files/Pods-project4UITests/Pods-project4UITests.release.xcconfig"; sourceTree = "<group>"; };
		C2B14B6965FEB7B8AD3552F6 /* Pods-project4Tests.debug.xcconfig */ = {isa = PBXFileReference; includeInIndex = 1; lastKnownFileType = text.xcconfig; name = "Pods-project4Tests.debug.xcconfig"; path = "Pods/Target Support Files/Pods-project4Tests/Pods-project4Tests.debug.xcconfig"; sourceTree = "<group>"; };
		D3296BA7F400E72D6419167C /* Pods-project4UITests.debug.xcconfig */ = {isa = PBXFileReference; includeInIndex = 1; lastKnownFileType = text.xcconfig; name = "Pods-project4UITests.debug.xcconfig"; path = "Pods/Target Support Files/Pods-project4UITests/Pods-project4UITests.debug.xcconfig"; sourceTree = "<group>"; };
		F11C458C1F9D0826002DD573 /* project4.app */ = {isa = PBXFileReference; explicitFileType = wrapper.application; includeInIndex = 0; path = project4.app; sourceTree = BUILT_PRODUCTS_DIR; };
		F11C458F1F9D0826002DD573 /* AppDelegate.h */ = {isa = PBXFileReference; lastKnownFileType = sourcecode.c.h; path = AppDelegate.h; sourceTree = "<group>"; };
		F11C45901F9D0826002DD573 /* AppDelegate.m */ = {isa = PBXFileReference; lastKnownFileType = sourcecode.c.objc; path = AppDelegate.m; sourceTree = "<group>"; };
		F11C45921F9D0826002DD573 /* ViewController.h */ = {isa = PBXFileReference; lastKnownFileType = sourcecode.c.h; path = ViewController.h; sourceTree = "<group>"; };
		F11C45931F9D0826002DD573 /* ViewController.m */ = {isa = PBXFileReference; lastKnownFileType = sourcecode.c.objc; path = ViewController.m; sourceTree = "<group>"; };
		F11C45961F9D0826002DD573 /* Base */ = {isa = PBXFileReference; lastKnownFileType = file.storyboard; name = Base; path = Base.lproj/Main.storyboard; sourceTree = "<group>"; };
		F11C45981F9D0826002DD573 /* Assets.xcassets */ = {isa = PBXFileReference; lastKnownFileType = folder.assetcatalog; path = Assets.xcassets; sourceTree = "<group>"; };
		F11C459B1F9D0826002DD573 /* Base */ = {isa = PBXFileReference; lastKnownFileType = file.storyboard; name = Base; path = Base.lproj/LaunchScreen.storyboard; sourceTree = "<group>"; };
		F11C459D1F9D0826002DD573 /* Info.plist */ = {isa = PBXFileReference; lastKnownFileType = text.plist.xml; path = Info.plist; sourceTree = "<group>"; };
		F11C459E1F9D0826002DD573 /* main.m */ = {isa = PBXFileReference; lastKnownFileType = sourcecode.c.objc; path = main.m; sourceTree = "<group>"; };
		F11C45A41F9D0826002DD573 /* project4Tests.xctest */ = {isa = PBXFileReference; explicitFileType = wrapper.cfbundle; includeInIndex = 0; path = project4Tests.xctest; sourceTree = BUILT_PRODUCTS_DIR; };
		F11C45A81F9D0826002DD573 /* project4Tests.m */ = {isa = PBXFileReference; lastKnownFileType = sourcecode.c.objc; path = project4Tests.m; sourceTree = "<group>"; };
		F11C45AA1F9D0826002DD573 /* Info.plist */ = {isa = PBXFileReference; lastKnownFileType = text.plist.xml; path = Info.plist; sourceTree = "<group>"; };
		F11C45AF1F9D0826002DD573 /* project4UITests.xctest */ = {isa = PBXFileReference; explicitFileType = wrapper.cfbundle; includeInIndex = 0; path = project4UITests.xctest; sourceTree = BUILT_PRODUCTS_DIR; };
		F11C45B31F9D0826002DD573 /* project4UITests.m */ = {isa = PBXFileReference; lastKnownFileType = sourcecode.c.objc; path = project4UITests.m; sourceTree = "<group>"; };
		F11C45B51F9D0826002DD573 /* Info.plist */ = {isa = PBXFileReference; lastKnownFileType = text.plist.xml; path = Info.plist; sourceTree = "<group>"; };
		F6465BFE35C0BC2D5BD20892 /* libPods-project4UITests.a */ = {isa = PBXFileReference; explicitFileType = archive.ar; includeInIndex = 0; path = "libPods-project4UITests.a"; sourceTree = BUILT_PRODUCTS_DIR; };
/* End PBXFileReference section */

/* Begin PBXFrameworksBuildPhase section */
		F11C45891F9D0826002DD573 /* Frameworks */ = {
			isa = PBXFrameworksBuildPhase;
			buildActionMask = 2147483647;
			files = (
				79A9CDD7B9248A49543FFA63 /* libPods-project4.a in Frameworks */,
			);
			runOnlyForDeploymentPostprocessing = 0;
		};
		F11C45A11F9D0826002DD573 /* Frameworks */ = {
			isa = PBXFrameworksBuildPhase;
			buildActionMask = 2147483647;
			files = (
				A5643AA792806C87A268995F /* libPods-project4Tests.a in Frameworks */,
			);
			runOnlyForDeploymentPostprocessing = 0;
		};
		F11C45AC1F9D0826002DD573 /* Frameworks */ = {
			isa = PBXFrameworksBuildPhase;
			buildActionMask = 2147483647;
			files = (
				EC46F6AFA52F3F66EFB1A134 /* libPods-project4UITests.a in Frameworks */,
			);
			runOnlyForDeploymentPostprocessing = 0;
		};
/* End PBXFrameworksBuildPhase section */

/* Begin PBXGroup section */
		6BBE851366E2A4A801A70B35 /* Frameworks */ = {
			isa = PBXGroup;
			children = (
				3C0AD50F038352C7D1DCEA3E /* libPods-project4.a */,
				29BD0B698CF805E095316B21 /* libPods-project4Tests.a */,
				F6465BFE35C0BC2D5BD20892 /* libPods-project4UITests.a */,
			);
			name = Frameworks;
			sourceTree = "<group>";
		};
		95378636DE19D525D94DD6F2 /* Pods */ = {
			isa = PBXGroup;
			children = (
				1604823FA2264097EA1204C7 /* Pods-project4.debug.xcconfig */,
				66EAEAE99F14FE1C861374EA /* Pods-project4.release.xcconfig */,
				C2B14B6965FEB7B8AD3552F6 /* Pods-project4Tests.debug.xcconfig */,
				0CE61E9FE81FDA9F6375044E /* Pods-project4Tests.release.xcconfig */,
				D3296BA7F400E72D6419167C /* Pods-project4UITests.debug.xcconfig */,
				B68AE2F39F9BFAC3E83DBE15 /* Pods-project4UITests.release.xcconfig */,
			);
			name = Pods;
			sourceTree = "<group>";
		};
		F11C45831F9D0825002DD573 = {
			isa = PBXGroup;
			children = (
				F11C458E1F9D0826002DD573 /* project4 */,
				F11C45A71F9D0826002DD573 /* project4Tests */,
				F11C45B21F9D0826002DD573 /* project4UITests */,
				F11C458D1F9D0826002DD573 /* Products */,
				95378636DE19D525D94DD6F2 /* Pods */,
				6BBE851366E2A4A801A70B35 /* Frameworks */,
			);
			sourceTree = "<group>";
		};
		F11C458D1F9D0826002DD573 /* Products */ = {
			isa = PBXGroup;
			children = (
				F11C458C1F9D0826002DD573 /* project4.app */,
				F11C45A41F9D0826002DD573 /* project4Tests.xctest */,
				F11C45AF1F9D0826002DD573 /* project4UITests.xctest */,
			);
			name = Products;
			sourceTree = "<group>";
		};
		F11C458E1F9D0826002DD573 /* project4 */ = {
			isa = PBXGroup;
			children = (
				F11C458F1F9D0826002DD573 /* AppDelegate.h */,
				F11C45901F9D0826002DD573 /* AppDelegate.m */,
				F11C45921F9D0826002DD573 /* ViewController.h */,
				F11C45931F9D0826002DD573 /* ViewController.m */,
				F11C45951F9D0826002DD573 /* Main.storyboard */,
				F11C45981F9D0826002DD573 /* Assets.xcassets */,
				F11C459A1F9D0826002DD573 /* LaunchScreen.storyboard */,
				F11C459D1F9D0826002DD573 /* Info.plist */,
				F11C459E1F9D0826002DD573 /* main.m */,
			);
			path = project4;
			sourceTree = "<group>";
		};
		F11C45A71F9D0826002DD573 /* project4Tests */ = {
			isa = PBXGroup;
			children = (
				F11C45A81F9D0826002DD573 /* project4Tests.m */,
				F11C45AA1F9D0826002DD573 /* Info.plist */,
			);
			path = project4Tests;
			sourceTree = "<group>";
		};
		F11C45B21F9D0826002DD573 /* project4UITests */ = {
			isa = PBXGroup;
			children = (
				F11C45B31F9D0826002DD573 /* project4UITests.m */,
				F11C45B51F9D0826002DD573 /* Info.plist */,
			);
			path = project4UITests;
			sourceTree = "<group>";
		};
/* End PBXGroup section */

/* Begin PBXNativeTarget section */
		F11C458B1F9D0826002DD573 /* project4 */ = {
			isa = PBXNativeTarget;
			buildConfigurationList = F11C45B81F9D0826002DD573 /* Build configuration list for PBXNativeTarget "project4" */;
			buildPhases = (
				CFDDC188179C6F44F70ECF60 /* [CP] Check Pods Manifest.lock */,
				F11C45881F9D0826002DD573 /* Sources */,
				F11C45891F9D0826002DD573 /* Frameworks */,
				F11C458A1F9D0826002DD573 /* Resources */,
				F4B7D075146AE86FFBB7E592 /* [CP] Embed Pods Frameworks */,
				22341E66AB1EE3B603E93E87 /* [CP] Copy Pods Resources */,
			);
			buildRules = (
			);
			dependencies = (
			);
			name = project4;
			productName = project4;
			productReference = F11C458C1F9D0826002DD573 /* project4.app */;
			productType = "com.apple.product-type.application";
		};
		F11C45A31F9D0826002DD573 /* project4Tests */ = {
			isa = PBXNativeTarget;
			buildConfigurationList = F11C45BB1F9D0826002DD573 /* Build configuration list for PBXNativeTarget "project4Tests" */;
			buildPhases = (
				DB81708192BEB6BD40276F05 /* [CP] Check Pods Manifest.lock */,
				F11C45A01F9D0826002DD573 /* Sources */,
				F11C45A11F9D0826002DD573 /* Frameworks */,
				F11C45A21F9D0826002DD573 /* Resources */,
				CB3A93D2A9C183602B0A2A44 /* [CP] Embed Pods Frameworks */,
				B563EB289C91234410AA6F59 /* [CP] Copy Pods Resources */,
			);
			buildRules = (
			);
			dependencies = (
				F11C45A61F9D0826002DD573 /* PBXTargetDependency */,
			);
			name = project4Tests;
			productName = project4Tests;
			productReference = F11C45A41F9D0826002DD573 /* project4Tests.xctest */;
			productType = "com.apple.product-type.bundle.unit-test";
		};
		F11C45AE1F9D0826002DD573 /* project4UITests */ = {
			isa = PBXNativeTarget;
			buildConfigurationList = F11C45BE1F9D0826002DD573 /* Build configuration list for PBXNativeTarget "project4UITests" */;
			buildPhases = (
				984D034DC2AC87A9A1E55D6E /* [CP] Check Pods Manifest.lock */,
				F11C45AB1F9D0826002DD573 /* Sources */,
				F11C45AC1F9D0826002DD573 /* Frameworks */,
				F11C45AD1F9D0826002DD573 /* Resources */,
				0FCE8727F9106068DC2CDC50 /* [CP] Embed Pods Frameworks */,
				3F53343709AA75C15751FE6C /* [CP] Copy Pods Resources */,
			);
			buildRules = (
			);
			dependencies = (
				F11C45B11F9D0826002DD573 /* PBXTargetDependency */,
			);
			name = project4UITests;
			productName = project4UITests;
			productReference = F11C45AF1F9D0826002DD573 /* project4UITests.xctest */;
			productType = "com.apple.product-type.bundle.ui-testing";
		};
/* End PBXNativeTarget section */

/* Begin PBXProject section */
		F11C45841F9D0825002DD573 /* Project object */ = {
			isa = PBXProject;
			attributes = {
				LastUpgradeCheck = 0900;
				ORGANIZATIONNAME = "Harvey Wang";
				TargetAttributes = {
					F11C458B1F9D0826002DD573 = {
						CreatedOnToolsVersion = 9.0.1;
						ProvisioningStyle = Automatic;
					};
					F11C45A31F9D0826002DD573 = {
						CreatedOnToolsVersion = 9.0.1;
						ProvisioningStyle = Automatic;
						TestTargetID = F11C458B1F9D0826002DD573;
					};
					F11C45AE1F9D0826002DD573 = {
						CreatedOnToolsVersion = 9.0.1;
						ProvisioningStyle = Automatic;
						TestTargetID = F11C458B1F9D0826002DD573;
					};
				};
			};
			buildConfigurationList = F11C45871F9D0825002DD573 /* Build configuration list for PBXProject "project4" */;
			compatibilityVersion = "Xcode 8.0";
			developmentRegion = en;
			hasScannedForEncodings = 0;
			knownRegions = (
				en,
				Base,
			);
			mainGroup = F11C45831F9D0825002DD573;
			productRefGroup = F11C458D1F9D0826002DD573 /* Products */;
			projectDirPath = "";
			projectRoot = "";
			targets = (
				F11C458B1F9D0826002DD573 /* project4 */,
				F11C45A31F9D0826002DD573 /* project4Tests */,
				F11C45AE1F9D0826002DD573 /* project4UITests */,
			);
		};
/* End PBXProject section */

/* Begin PBXResourcesBuildPhase section */
		F11C458A1F9D0826002DD573 /* Resources */ = {
			isa = PBXResourcesBuildPhase;
			buildActionMask = 2147483647;
			files = (
				F11C459C1F9D0826002DD573 /* LaunchScreen.storyboard in Resources */,
				F11C45991F9D0826002DD573 /* Assets.xcassets in Resources */,
				F11C45971F9D0826002DD573 /* Main.storyboard in Resources */,
			);
			runOnlyForDeploymentPostprocessing = 0;
		};
		F11C45A21F9D0826002DD573 /* Resources */ = {
			isa = PBXResourcesBuildPhase;
			buildActionMask = 2147483647;
			files = (
			);
			runOnlyForDeploymentPostprocessing = 0;
		};
		F11C45AD1F9D0826002DD573 /* Resources */ = {
			isa = PBXResourcesBuildPhase;
			buildActionMask = 2147483647;
			files = (
			);
			runOnlyForDeploymentPostprocessing = 0;
		};
/* End PBXResourcesBuildPhase section */

/* Begin PBXShellScriptBuildPhase section */
		0FCE8727F9106068DC2CDC50 /* [CP] Embed Pods Frameworks */ = {
			isa = PBXShellScriptBuildPhase;
			buildActionMask = 2147483647;
			files = (
			);
			inputPaths = (
			);
			name = "[CP] Embed Pods Frameworks";
			outputPaths = (
			);
			runOnlyForDeploymentPostprocessing = 0;
			shellPath = /bin/sh;
			shellScript = "\"${SRCROOT}/Pods/Target Support Files/Pods-project4UITests/Pods-project4UITests-frameworks.sh\"\n";
			showEnvVarsInLog = 0;
		};
		22341E66AB1EE3B603E93E87 /* [CP] Copy Pods Resources */ = {
			isa = PBXShellScriptBuildPhase;
			buildActionMask = 2147483647;
			files = (
			);
			inputPaths = (
			);
			name = "[CP] Copy Pods Resources";
			outputPaths = (
			);
			runOnlyForDeploymentPostprocessing = 0;
			shellPath = /bin/sh;
			shellScript = "\"${SRCROOT}/Pods/Target Support Files/Pods-project4/Pods-project4-resources.sh\"\n";
			showEnvVarsInLog = 0;
		};
		3F53343709AA75C15751FE6C /* [CP] Copy Pods Resources */ = {
			isa = PBXShellScriptBuildPhase;
			buildActionMask = 2147483647;
			files = (
			);
			inputPaths = (
			);
			name = "[CP] Copy Pods Resources";
			outputPaths = (
			);
			runOnlyForDeploymentPostprocessing = 0;
			shellPath = /bin/sh;
			shellScript = "\"${SRCROOT}/Pods/Target Support Files/Pods-project4UITests/Pods-project4UITests-resources.sh\"\n";
			showEnvVarsInLog = 0;
		};
		984D034DC2AC87A9A1E55D6E /* [CP] Check Pods Manifest.lock */ = {
			isa = PBXShellScriptBuildPhase;
			buildActionMask = 2147483647;
			files = (
			);
			inputPaths = (
				"${PODS_PODFILE_DIR_PATH}/Podfile.lock",
				"${PODS_ROOT}/Manifest.lock",
			);
			name = "[CP] Check Pods Manifest.lock";
			outputPaths = (
				"$(DERIVED_FILE_DIR)/Pods-project4UITests-checkManifestLockResult.txt",
			);
			runOnlyForDeploymentPostprocessing = 0;
			shellPath = /bin/sh;
			shellScript = "diff \"${PODS_PODFILE_DIR_PATH}/Podfile.lock\" \"${PODS_ROOT}/Manifest.lock\" > /dev/null\nif [ $? != 0 ] ; then\n    # print error to STDERR\n    echo \"error: The sandbox is not in sync with the Podfile.lock. Run 'pod install' or update your CocoaPods installation.\" >&2\n    exit 1\nfi\n# This output is used by Xcode 'outputs' to avoid re-running this script phase.\necho \"SUCCESS\" > \"${SCRIPT_OUTPUT_FILE_0}\"\n";
			showEnvVarsInLog = 0;
		};
		B563EB289C91234410AA6F59 /* [CP] Copy Pods Resources */ = {
			isa = PBXShellScriptBuildPhase;
			buildActionMask = 2147483647;
			files = (
			);
			inputPaths = (
			);
			name = "[CP] Copy Pods Resources";
			outputPaths = (
			);
			runOnlyForDeploymentPostprocessing = 0;
			shellPath = /bin/sh;
			shellScript = "\"${SRCROOT}/Pods/Target Support Files/Pods-project4Tests/Pods-project4Tests-resources.sh\"\n";
			showEnvVarsInLog = 0;
		};
		CB3A93D2A9C183602B0A2A44 /* [CP] Embed Pods Frameworks */ = {
			isa = PBXShellScriptBuildPhase;
			buildActionMask = 2147483647;
			files = (
			);
			inputPaths = (
			);
			name = "[CP] Embed Pods Frameworks";
			outputPaths = (
			);
			runOnlyForDeploymentPostprocessing = 0;
			shellPath = /bin/sh;
			shellScript = "\"${SRCROOT}/Pods/Target Support Files/Pods-project4Tests/Pods-project4Tests-frameworks.sh\"\n";
			showEnvVarsInLog = 0;
		};
		CFDDC188179C6F44F70ECF60 /* [CP] Check Pods Manifest.lock */ = {
			isa = PBXShellScriptBuildPhase;
			buildActionMask = 2147483647;
			files = (
			);
			inputPaths = (
				"${PODS_PODFILE_DIR_PATH}/Podfile.lock",
				"${PODS_ROOT}/Manifest.lock",
			);
			name = "[CP] Check Pods Manifest.lock";
			outputPaths = (
				"$(DERIVED_FILE_DIR)/Pods-project4-checkManifestLockResult.txt",
			);
			runOnlyForDeploymentPostprocessing = 0;
			shellPath = /bin/sh;
			shellScript = "diff \"${PODS_PODFILE_DIR_PATH}/Podfile.lock\" \"${PODS_ROOT}/Manifest.lock\" > /dev/null\nif [ $? != 0 ] ; then\n    # print error to STDERR\n    echo \"error: The sandbox is not in sync with the Podfile.lock. Run 'pod install' or update your CocoaPods installation.\" >&2\n    exit 1\nfi\n# This output is used by Xcode 'outputs' to avoid re-running this script phase.\necho \"SUCCESS\" > \"${SCRIPT_OUTPUT_FILE_0}\"\n";
			showEnvVarsInLog = 0;
		};
		DB81708192BEB6BD40276F05 /* [CP] Check Pods Manifest.lock */ = {
			isa = PBXShellScriptBuildPhase;
			buildActionMask = 2147483647;
			files = (
			);
			inputPaths = (
				"${PODS_PODFILE_DIR_PATH}/Podfile.lock",
				"${PODS_ROOT}/Manifest.lock",
			);
			name = "[CP] Check Pods Manifest.lock";
			outputPaths = (
				"$(DERIVED_FILE_DIR)/Pods-project4Tests-checkManifestLockResult.txt",
			);
			runOnlyForDeploymentPostprocessing = 0;
			shellPath = /bin/sh;
			shellScript = "diff \"${PODS_PODFILE_DIR_PATH}/Podfile.lock\" \"${PODS_ROOT}/Manifest.lock\" > /dev/null\nif [ $? != 0 ] ; then\n    # print error to STDERR\n    echo \"error: The sandbox is not in sync with the Podfile.lock. Run 'pod install' or update your CocoaPods installation.\" >&2\n    exit 1\nfi\n# This output is used by Xcode 'outputs' to avoid re-running this script phase.\necho \"SUCCESS\" > \"${SCRIPT_OUTPUT_FILE_0}\"\n";
			showEnvVarsInLog = 0;
		};
		F4B7D075146AE86FFBB7E592 /* [CP] Embed Pods Frameworks */ = {
			isa = PBXShellScriptBuildPhase;
			buildActionMask = 2147483647;
			files = (
			);
			inputPaths = (
			);
			name = "[CP] Embed Pods Frameworks";
			outputPaths = (
			);
			runOnlyForDeploymentPostprocessing = 0;
			shellPath = /bin/sh;
			shellScript = "\"${SRCROOT}/Pods/Target Support Files/Pods-project4/Pods-project4-frameworks.sh\"\n";
			showEnvVarsInLog = 0;
		};
/* End PBXShellScriptBuildPhase section */

/* Begin PBXSourcesBuildPhase section */
		F11C45881F9D0826002DD573 /* Sources */ = {
			isa = PBXSourcesBuildPhase;
			buildActionMask = 2147483647;
			files = (
				F11C45941F9D0826002DD573 /* ViewController.m in Sources */,
				F11C459F1F9D0826002DD573 /* main.m in Sources */,
				F11C45911F9D0826002DD573 /* AppDelegate.m in Sources */,
			);
			runOnlyForDeploymentPostprocessing = 0;
		};
		F11C45A01F9D0826002DD573 /* Sources */ = {
			isa = PBXSourcesBuildPhase;
			buildActionMask = 2147483647;
			files = (
				F11C45A91F9D0826002DD573 /* project4Tests.m in Sources */,
			);
			runOnlyForDeploymentPostprocessing = 0;
		};
		F11C45AB1F9D0826002DD573 /* Sources */ = {
			isa = PBXSourcesBuildPhase;
			buildActionMask = 2147483647;
			files = (
				F11C45B41F9D0826002DD573 /* project4UITests.m in Sources */,
			);
			runOnlyForDeploymentPostprocessing = 0;
		};
/* End PBXSourcesBuildPhase section */

/* Begin PBXTargetDependency section */
		F11C45A61F9D0826002DD573 /* PBXTargetDependency */ = {
			isa = PBXTargetDependency;
			target = F11C458B1F9D0826002DD573 /* project4 */;
			targetProxy = F11C45A51F9D0826002DD573 /* PBXContainerItemProxy */;
		};
		F11C45B11F9D0826002DD573 /* PBXTargetDependency */ = {
			isa = PBXTargetDependency;
			target = F11C458B1F9D0826002DD573 /* project4 */;
			targetProxy = F11C45B01F9D0826002DD573 /* PBXContainerItemProxy */;
		};
/* End PBXTargetDependency section */

/* Begin PBXVariantGroup section */
		F11C45951F9D0826002DD573 /* Main.storyboard */ = {
			isa = PBXVariantGroup;
			children = (
				F11C45961F9D0826002DD573 /* Base */,
			);
			name = Main.storyboard;
			sourceTree = "<group>";
		};
		F11C459A1F9D0826002DD573 /* LaunchScreen.storyboard */ = {
			isa = PBXVariantGroup;
			children = (
				F11C459B1F9D0826002DD573 /* Base */,
			);
			name = LaunchScreen.storyboard;
			sourceTree = "<group>";
		};
/* End PBXVariantGroup section */

/* Begin XCBuildConfiguration section */
		F11C45B61F9D0826002DD573 /* Debug */ = {
			isa = XCBuildConfiguration;
			buildSettings = {
				ALWAYS_SEARCH_USER_PATHS = NO;
				CLANG_ANALYZER_NONNULL = YES;
				CLANG_ANALYZER_NUMBER_OBJECT_CONVERSION = YES_AGGRESSIVE;
				CLANG_CXX_LANGUAGE_STANDARD = "gnu++14";
				CLANG_CXX_LIBRARY = "libc++";
				CLANG_ENABLE_MODULES = YES;
				CLANG_ENABLE_OBJC_ARC = YES;
				CLANG_WARN_BLOCK_CAPTURE_AUTORELEASING = YES;
				CLANG_WARN_BOOL_CONVERSION = YES;
				CLANG_WARN_COMMA = YES;
				CLANG_WARN_CONSTANT_CONVERSION = YES;
				CLANG_WARN_DIRECT_OBJC_ISA_USAGE = YES_ERROR;
				CLANG_WARN_DOCUMENTATION_COMMENTS = YES;
				CLANG_WARN_EMPTY_BODY = YES;
				CLANG_WARN_ENUM_CONVERSION = YES;
				CLANG_WARN_INFINITE_RECURSION = YES;
				CLANG_WARN_INT_CONVERSION = YES;
				CLANG_WARN_NON_LITERAL_NULL_CONVERSION = YES;
				CLANG_WARN_OBJC_LITERAL_CONVERSION = YES;
				CLANG_WARN_OBJC_ROOT_CLASS = YES_ERROR;
				CLANG_WARN_RANGE_LOOP_ANALYSIS = YES;
				CLANG_WARN_STRICT_PROTOTYPES = YES;
				CLANG_WARN_SUSPICIOUS_MOVE = YES;
				CLANG_WARN_UNGUARDED_AVAILABILITY = YES_AGGRESSIVE;
				CLANG_WARN_UNREACHABLE_CODE = YES;
				CLANG_WARN__DUPLICATE_METHOD_MATCH = YES;
				CODE_SIGN_IDENTITY = "iPhone Developer";
				COPY_PHASE_STRIP = NO;
				DEBUG_INFORMATION_FORMAT = dwarf;
				ENABLE_STRICT_OBJC_MSGSEND = YES;
				ENABLE_TESTABILITY = YES;
				GCC_C_LANGUAGE_STANDARD = gnu11;
				GCC_DYNAMIC_NO_PIC = NO;
				GCC_NO_COMMON_BLOCKS = YES;
				GCC_OPTIMIZATION_LEVEL = 0;
				GCC_PREPROCESSOR_DEFINITIONS = (
					"DEBUG=1",
					"$(inherited)",
				);
				GCC_WARN_64_TO_32_BIT_CONVERSION = YES;
				GCC_WARN_ABOUT_RETURN_TYPE = YES_ERROR;
				GCC_WARN_UNDECLARED_SELECTOR = YES;
				GCC_WARN_UNINITIALIZED_AUTOS = YES_AGGRESSIVE;
				GCC_WARN_UNUSED_FUNCTION = YES;
				GCC_WARN_UNUSED_VARIABLE = YES;
				IPHONEOS_DEPLOYMENT_TARGET = 11.0;
				MTL_ENABLE_DEBUG_INFO = YES;
				ONLY_ACTIVE_ARCH = YES;
				SDKROOT = iphoneos;
			};
			name = Debug;
		};
		F11C45B71F9D0826002DD573 /* Release */ = {
			isa = XCBuildConfiguration;
			buildSettings = {
				ALWAYS_SEARCH_USER_PATHS = NO;
				CLANG_ANALYZER_NONNULL = YES;
				CLANG_ANALYZER_NUMBER_OBJECT_CONVERSION = YES_AGGRESSIVE;
				CLANG_CXX_LANGUAGE_STANDARD = "gnu++14";
				CLANG_CXX_LIBRARY = "libc++";
				CLANG_ENABLE_MODULES = YES;
				CLANG_ENABLE_OBJC_ARC = YES;
				CLANG_WARN_BLOCK_CAPTURE_AUTORELEASING = YES;
				CLANG_WARN_BOOL_CONVERSION = YES;
				CLANG_WARN_COMMA = YES;
				CLANG_WARN_CONSTANT_CONVERSION = YES;
				CLANG_WARN_DIRECT_OBJC_ISA_USAGE = YES_ERROR;
				CLANG_WARN_DOCUMENTATION_COMMENTS = YES;
				CLANG_WARN_EMPTY_BODY = YES;
				CLANG_WARN_ENUM_CONVERSION = YES;
				CLANG_WARN_INFINITE_RECURSION = YES;
				CLANG_WARN_INT_CONVERSION = YES;
				CLANG_WARN_NON_LITERAL_NULL_CONVERSION = YES;
				CLANG_WARN_OBJC_LITERAL_CONVERSION = YES;
				CLANG_WARN_OBJC_ROOT_CLASS = YES_ERROR;
				CLANG_WARN_RANGE_LOOP_ANALYSIS = YES;
				CLANG_WARN_STRICT_PROTOTYPES = YES;
				CLANG_WARN_SUSPICIOUS_MOVE = YES;
				CLANG_WARN_UNGUARDED_AVAILABILITY = YES_AGGRESSIVE;
				CLANG_WARN_UNREACHABLE_CODE = YES;
				CLANG_WARN__DUPLICATE_METHOD_MATCH = YES;
				CODE_SIGN_IDENTITY = "iPhone Developer";
				COPY_PHASE_STRIP = NO;
				DEBUG_INFORMATION_FORMAT = "dwarf-with-dsym";
				ENABLE_NS_ASSERTIONS = NO;
				ENABLE_STRICT_OBJC_MSGSEND = YES;
				GCC_C_LANGUAGE_STANDARD = gnu11;
				GCC_NO_COMMON_BLOCKS = YES;
				GCC_WARN_64_TO_32_BIT_CONVERSION = YES;
				GCC_WARN_ABOUT_RETURN_TYPE = YES_ERROR;
				GCC_WARN_UNDECLARED_SELECTOR = YES;
				GCC_WARN_UNINITIALIZED_AUTOS = YES_AGGRESSIVE;
				GCC_WARN_UNUSED_FUNCTION = YES;
				GCC_WARN_UNUSED_VARIABLE = YES;
				IPHONEOS_DEPLOYMENT_TARGET = 11.0;
				MTL_ENABLE_DEBUG_INFO = NO;
				SDKROOT = iphoneos;
				VALIDATE_PRODUCT = YES;
			};
			name = Release;
		};
		F11C45B91F9D0826002DD573 /* Debug */ = {
			isa = XCBuildConfiguration;
			baseConfigurationReference = 1604823FA2264097EA1204C7 /* Pods-project4.debug.xcconfig */;
			buildSettings = {
				ASSETCATALOG_COMPILER_APPICON_NAME = AppIcon;
				CODE_SIGN_STYLE = Automatic;
				INFOPLIST_FILE = project4/Info.plist;
				LD_RUNPATH_SEARCH_PATHS = "$(inherited) @executable_path/Frameworks";
				PRODUCT_BUNDLE_IDENTIFIER = "distance-project4.project4";
				PRODUCT_NAME = "$(TARGET_NAME)";
				TARGETED_DEVICE_FAMILY = "1,2";
			};
			name = Debug;
		};
		F11C45BA1F9D0826002DD573 /* Release */ = {
			isa = XCBuildConfiguration;
			baseConfigurationReference = 66EAEAE99F14FE1C861374EA /* Pods-project4.release.xcconfig */;
			buildSettings = {
				ASSETCATALOG_COMPILER_APPICON_NAME = AppIcon;
				CODE_SIGN_STYLE = Automatic;
				INFOPLIST_FILE = project4/Info.plist;
				LD_RUNPATH_SEARCH_PATHS = "$(inherited) @executable_path/Frameworks";
				PRODUCT_BUNDLE_IDENTIFIER = "distance-project4.project4";
				PRODUCT_NAME = "$(TARGET_NAME)";
				TARGETED_DEVICE_FAMILY = "1,2";
			};
			name = Release;
		};
		F11C45BC1F9D0826002DD573 /* Debug */ = {
			isa = XCBuildConfiguration;
			baseConfigurationReference = C2B14B6965FEB7B8AD3552F6 /* Pods-project4Tests.debug.xcconfig */;
			buildSettings = {
				BUNDLE_LOADER = "$(TEST_HOST)";
				CODE_SIGN_STYLE = Automatic;
				INFOPLIST_FILE = project4Tests/Info.plist;
				LD_RUNPATH_SEARCH_PATHS = "$(inherited) @executable_path/Frameworks @loader_path/Frameworks";
				PRODUCT_BUNDLE_IDENTIFIER = "distance-project4.project4Tests";
				PRODUCT_NAME = "$(TARGET_NAME)";
				TARGETED_DEVICE_FAMILY = "1,2";
				TEST_HOST = "$(BUILT_PRODUCTS_DIR)/project4.app/project4";
			};
			name = Debug;
		};
		F11C45BD1F9D0826002DD573 /* Release */ = {
			isa = XCBuildConfiguration;
			baseConfigurationReference = 0CE61E9FE81FDA9F6375044E /* Pods-project4Tests.release.xcconfig */;
			buildSettings = {
				BUNDLE_LOADER = "$(TEST_HOST)";
				CODE_SIGN_STYLE = Automatic;
				INFOPLIST_FILE = project4Tests/Info.plist;
				LD_RUNPATH_SEARCH_PATHS = "$(inherited) @executable_path/Frameworks @loader_path/Frameworks";
				PRODUCT_BUNDLE_IDENTIFIER = "distance-project4.project4Tests";
				PRODUCT_NAME = "$(TARGET_NAME)";
				TARGETED_DEVICE_FAMILY = "1,2";
				TEST_HOST = "$(BUILT_PRODUCTS_DIR)/project4.app/project4";
			};
			name = Release;
		};
		F11C45BF1F9D0826002DD573 /* Debug */ = {
			isa = XCBuildConfiguration;
			baseConfigurationReference = D3296BA7F400E72D6419167C /* Pods-project4UITests.debug.xcconfig */;
			buildSettings = {
				CODE_SIGN_STYLE = Automatic;
				INFOPLIST_FILE = project4UITests/Info.plist;
				LD_RUNPATH_SEARCH_PATHS = "$(inherited) @executable_path/Frameworks @loader_path/Frameworks";
				PRODUCT_BUNDLE_IDENTIFIER = "distance-project4.project4UITests";
				PRODUCT_NAME = "$(TARGET_NAME)";
				TARGETED_DEVICE_FAMILY = "1,2";
				TEST_TARGET_NAME = project4;
			};
			name = Debug;
		};
		F11C45C01F9D0826002DD573 /* Release */ = {
			isa = XCBuildConfiguration;
			baseConfigurationReference = B68AE2F39F9BFAC3E83DBE15 /* Pods-project4UITests.release.xcconfig */;
			buildSettings = {
				CODE_SIGN_STYLE = Automatic;
				INFOPLIST_FILE = project4UITests/Info.plist;
				LD_RUNPATH_SEARCH_PATHS = "$(inherited) @executable_path/Frameworks @loader_path/Frameworks";
				PRODUCT_BUNDLE_IDENTIFIER = "distance-project4.project4UITests";
				PRODUCT_NAME = "$(TARGET_NAME)";
				TARGETED_DEVICE_FAMILY = "1,2";
				TEST_TARGET_NAME = project4;
			};
			name = Release;
		};
/* End XCBuildConfiguration section */

/* Begin XCConfigurationList section */
		F11C45871F9D0825002DD573 /* Build configuration list for PBXProject "project4" */ = {
			isa = XCConfigurationList;
			buildConfigurations = (
				F11C45B61F9D0826002DD573 /* Debug */,
				F11C45B71F9D0826002DD573 /* Release */,
			);
			defaultConfigurationIsVisible = 0;
			defaultConfigurationName = Release;
		};
		F11C45B81F9D0826002DD573 /* Build configuration list for PBXNativeTarget "project4" */ = {
			isa = XCConfigurationList;
			buildConfigurations = (
				F11C45B91F9D0826002DD573 /* Debug */,
				F11C45BA1F9D0826002DD573 /* Release */,
			);
			defaultConfigurationIsVisible = 0;
			defaultConfigurationName = Release;
		};
		F11C45BB1F9D0826002DD573 /* Build configuration list for PBXNativeTarget "project4Tests" */ = {
			isa = XCConfigurationList;
			buildConfigurations = (
				F11C45BC1F9D0826002DD573 /* Debug */,
				F11C45BD1F9D0826002DD573 /* Release */,
			);
			defaultConfigurationIsVisible = 0;
			defaultConfigurationName = Release;
		};
		F11C45BE1F9D0826002DD573 /* Build configuration list for PBXNativeTarget "project4UITests" */ = {
			isa = XCConfigurationList;
			buildConfigurations = (
				F11C45BF1F9D0826002DD573 /* Debug */,
				F11C45C01F9D0826002DD573 /* Release */,
			);
			defaultConfigurationIsVisible = 0;
			defaultConfigurationName = Release;
		};
/* End XCConfigurationList section */
	};
	rootObject = F11C45841F9D0825002DD573 /* Project object */;
}
